
Microsoft Visual Studio Solution File, Format Version 11.00
# Visual Studio 2010
Project("{8BC9CEB8-8B4A-11D0-8D11-00A0C91BC942}") = "all", "all\all.vcxproj", "{58B61389-379E-420D-A224-EEB074390D11}"
EndProject
Project("{8BC9CEB8-8B4A-11D0-8D11-00A0C91BC942}") = "win32Frame", "win32Frame\win32Frame.vcxproj", "{65F54EDB-2B65-4840-A384-A229C0E1D07B}"
EndProject
Project("{8BC9CEB8-8B4A-11D0-8D11-00A0C91BC942}") = "modeless", "modeless\modeless.vcxproj", "{70B48C36-4D00-4006-9F28-68F38B61EBBD}"
EndProject
Project("{8BC9CEB8-8B4A-11D0-8D11-00A0C91BC942}") = "MyButton", "MyButton\MyButton.vcxproj", "{2109EB09-4C4A-468D-AB99-4D7E3A2DA431}"
EndProject
Project("{8BC9CEB8-8B4A-11D0-8D11-00A0C91BC942}") = "winclib", "winclib\winclib.vcxproj", "{73D2AA80-D1BC-4860-87E7-749F440268E9}"
EndProject
Project("{8BC9CEB8-8B4A-11D0-8D11-00A0C91BC942}") = "winclibuse", "winclibuse\winclibuse.vcxproj", "{2BCEEB6C-079E-4A9C-87AF-6E625A498E7A}"
EndProject
Project("{8BC9CEB8-8B4A-11D0-8D11-00A0C91BC942}") = "wincpplib", "wincpplib\wincpplib.vcxproj", "{00E3D12F-534D-44DB-959F-4995C41F4308}"
EndProject
Project("{8BC9CEB8-8B4A-11D0-8D11-00A0C91BC942}") = "wincpplibuse", "wincpplibuse\wincpplibuse.vcxproj", "{0F3F5C6D-B6B9-493E-91F9-B6BAEFDCCA3B}"
EndProject
Project("{8BC9CEB8-8B4A-11D0-8D11-00A0C91BC942}") = "DllFunc", "DllFunc\DllFunc.vcxproj", "{A1CBDC7A-0098-41F6-BBA3-E4CBFD1F6687}"
EndProject
Project("{8BC9CEB8-8B4A-11D0-8D11-00A0C91BC942}") = "DllFuncCall", "DllFuncCall\DllFuncCall.vcxproj", "{9994C2D0-6A8B-4723-A16F-F76FE707BA26}"
EndProject
Project("{8BC9CEB8-8B4A-11D0-8D11-00A0C91BC942}") = "DllFuncInvoke", "DllFuncInvoke\DllFuncInvoke.vcxproj", "{76647CFF-E2EC-411C-90FB-89BBEFC3769B}"
EndProject
Project("{8BC9CEB8-8B4A-11D0-8D11-00A0C91BC942}") = "DllValue", "DllValue\DllValue.vcxproj", "{809C596F-638D-43D7-8408-D93E74AE1443}"
EndProject
Project("{8BC9CEB8-8B4A-11D0-8D11-00A0C91BC942}") = "DllValueUse", "DllValueUse\DllValueUse.vcxproj", "{74D6ED31-A598-4EB7-A2BB-A47B82B71CCF}"
EndProject
Project("{8BC9CEB8-8B4A-11D0-8D11-00A0C91BC942}") = "DllClass", "DllClass\DllClass.vcxproj", "{ED396415-FB70-4DC1-83DA-348131B47EAB}"
EndProject
Project("{8BC9CEB8-8B4A-11D0-8D11-00A0C91BC942}") = "DllClassUse", "DllClassUse\DllClassUse.vcxproj", "{3689F533-755E-4932-8462-2FA1709DDB8F}"
EndProject
Project("{8BC9CEB8-8B4A-11D0-8D11-00A0C91BC942}") = "winfs", "winfs\winfs.vcxproj", "{90A1E00F-BBEB-499E-B178-96BE493B28AB}"
EndProject
Project("{8BC9CEB8-8B4A-11D0-8D11-00A0C91BC942}") = "winmem", "winmem\winmem.vcxproj", "{935E4CF9-BD96-4E28-8ED9-BA6DD9FC9420}"
EndProject
Project("{8BC9CEB8-8B4A-11D0-8D11-00A0C91BC942}") = "winprocess", "winprocess\winprocess.vcxproj", "{D1F73535-B026-49CD-B7EB-37A2E25C4D5B}"
EndProject
Project("{8BC9CEB8-8B4A-11D0-8D11-00A0C91BC942}") = "ChildProcess", "ChildProcess\ChildProcess.vcxproj", "{1CFA254E-AF30-40CB-ADA3-83AFF081696E}"
EndProject
Project("{8BC9CEB8-8B4A-11D0-8D11-00A0C91BC942}") = "winthread", "winthread\winthread.vcxproj", "{24EE3F33-0F17-4410-BD90-56B68DBDDF4C}"
EndProject
Global
	GlobalSection(SolutionConfigurationPlatforms) = preSolution
		Debug|Win32 = Debug|Win32
		Release|Win32 = Release|Win32
	EndGlobalSection
	GlobalSection(ProjectConfigurationPlatforms) = postSolution
		{58B61389-379E-420D-A224-EEB074390D11}.Debug|Win32.ActiveCfg = Debug|Win32
		{58B61389-379E-420D-A224-EEB074390D11}.Debug|Win32.Build.0 = Debug|Win32
		{58B61389-379E-420D-A224-EEB074390D11}.Release|Win32.ActiveCfg = Release|Win32
		{58B61389-379E-420D-A224-EEB074390D11}.Release|Win32.Build.0 = Release|Win32
		{65F54EDB-2B65-4840-A384-A229C0E1D07B}.Debug|Win32.ActiveCfg = Debug|Win32
		{65F54EDB-2B65-4840-A384-A229C0E1D07B}.Debug|Win32.Build.0 = Debug|Win32
		{65F54EDB-2B65-4840-A384-A229C0E1D07B}.Release|Win32.ActiveCfg = Release|Win32
		{65F54EDB-2B65-4840-A384-A229C0E1D07B}.Release|Win32.Build.0 = Release|Win32
		{70B48C36-4D00-4006-9F28-68F38B61EBBD}.Debug|Win32.ActiveCfg = Debug|Win32
		{70B48C36-4D00-4006-9F28-68F38B61EBBD}.Debug|Win32.Build.0 = Debug|Win32
		{70B48C36-4D00-4006-9F28-68F38B61EBBD}.Release|Win32.ActiveCfg = Release|Win32
		{70B48C36-4D00-4006-9F28-68F38B61EBBD}.Release|Win32.Build.0 = Release|Win32
		{2109EB09-4C4A-468D-AB99-4D7E3A2DA431}.Debug|Win32.ActiveCfg = Debug|Win32
		{2109EB09-4C4A-468D-AB99-4D7E3A2DA431}.Debug|Win32.Build.0 = Debug|Win32
		{2109EB09-4C4A-468D-AB99-4D7E3A2DA431}.Release|Win32.ActiveCfg = Release|Win32
		{2109EB09-4C4A-468D-AB99-4D7E3A2DA431}.Release|Win32.Build.0 = Release|Win32
		{73D2AA80-D1BC-4860-87E7-749F440268E9}.Debug|Win32.ActiveCfg = Debug|Win32
		{73D2AA80-D1BC-4860-87E7-749F440268E9}.Debug|Win32.Build.0 = Debug|Win32
		{73D2AA80-D1BC-4860-87E7-749F440268E9}.Release|Win32.ActiveCfg = Release|Win32
		{73D2AA80-D1BC-4860-87E7-749F440268E9}.Release|Win32.Build.0 = Release|Win32
		{2BCEEB6C-079E-4A9C-87AF-6E625A498E7A}.Debug|Win32.ActiveCfg = Debug|Win32
		{2BCEEB6C-079E-4A9C-87AF-6E625A498E7A}.Debug|Win32.Build.0 = Debug|Win32
		{2BCEEB6C-079E-4A9C-87AF-6E625A498E7A}.Release|Win32.ActiveCfg = Release|Win32
		{2BCEEB6C-079E-4A9C-87AF-6E625A498E7A}.Release|Win32.Build.0 = Release|Win32
		{00E3D12F-534D-44DB-959F-4995C41F4308}.Debug|Win32.ActiveCfg = Debug|Win32
		{00E3D12F-534D-44DB-959F-4995C41F4308}.Debug|Win32.Build.0 = Debug|Win32
		{00E3D12F-534D-44DB-959F-4995C41F4308}.Release|Win32.ActiveCfg = Release|Win32
		{00E3D12F-534D-44DB-959F-4995C41F4308}.Release|Win32.Build.0 = Release|Win32
		{0F3F5C6D-B6B9-493E-91F9-B6BAEFDCCA3B}.Debug|Win32.ActiveCfg = Debug|Win32
		{0F3F5C6D-B6B9-493E-91F9-B6BAEFDCCA3B}.Debug|Win32.Build.0 = Debug|Win32
		{0F3F5C6D-B6B9-493E-91F9-B6BAEFDCCA3B}.Release|Win32.ActiveCfg = Release|Win32
		{0F3F5C6D-B6B9-493E-91F9-B6BAEFDCCA3B}.Release|Win32.Build.0 = Release|Win32
		{A1CBDC7A-0098-41F6-BBA3-E4CBFD1F6687}.Debug|Win32.ActiveCfg = Debug|Win32
		{A1CBDC7A-0098-41F6-BBA3-E4CBFD1F6687}.Debug|Win32.Build.0 = Debug|Win32
		{A1CBDC7A-0098-41F6-BBA3-E4CBFD1F6687}.Release|Win32.ActiveCfg = Release|Win32
		{A1CBDC7A-0098-41F6-BBA3-E4CBFD1F6687}.Release|Win32.Build.0 = Release|Win32
		{9994C2D0-6A8B-4723-A16F-F76FE707BA26}.Debug|Win32.ActiveCfg = Debug|Win32
		{9994C2D0-6A8B-4723-A16F-F76FE707BA26}.Debug|Win32.Build.0 = Debug|Win32
		{9994C2D0-6A8B-4723-A16F-F76FE707BA26}.Release|Win32.ActiveCfg = Release|Win32
		{9994C2D0-6A8B-4723-A16F-F76FE707BA26}.Release|Win32.Build.0 = Release|Win32
		{76647CFF-E2EC-411C-90FB-89BBEFC3769B}.Debug|Win32.ActiveCfg = Debug|Win32
		{76647CFF-E2EC-411C-90FB-89BBEFC3769B}.Debug|Win32.Build.0 = Debug|Win32
		{76647CFF-E2EC-411C-90FB-89BBEFC3769B}.Release|Win32.ActiveCfg = Release|Win32
		{76647CFF-E2EC-411C-90FB-89BBEFC3769B}.Release|Win32.Build.0 = Release|Win32
		{809C596F-638D-43D7-8408-D93E74AE1443}.Debug|Win32.ActiveCfg = Debug|Win32
		{809C596F-638D-43D7-8408-D93E74AE1443}.Debug|Win32.Build.0 = Debug|Win32
		{809C596F-638D-43D7-8408-D93E74AE1443}.Release|Win32.ActiveCfg = Release|Win32
		{809C596F-638D-43D7-8408-D93E74AE1443}.Release|Win32.Build.0 = Release|Win32
		{74D6ED31-A598-4EB7-A2BB-A47B82B71CCF}.Debug|Win32.ActiveCfg = Debug|Win32
		{74D6ED31-A598-4EB7-A2BB-A47B82B71CCF}.Debug|Win32.Build.0 = Debug|Win32
		{74D6ED31-A598-4EB7-A2BB-A47B82B71CCF}.Release|Win32.ActiveCfg = Release|Win32
		{74D6ED31-A598-4EB7-A2BB-A47B82B71CCF}.Release|Win32.Build.0 = Release|Win32
		{ED396415-FB70-4DC1-83DA-348131B47EAB}.Debug|Win32.ActiveCfg = Debug|Win32
		{ED396415-FB70-4DC1-83DA-348131B47EAB}.Debug|Win32.Build.0 = Debug|Win32
		{ED396415-FB70-4DC1-83DA-348131B47EAB}.Release|Win32.ActiveCfg = Release|Win32
		{ED396415-FB70-4DC1-83DA-348131B47EAB}.Release|Win32.Build.0 = Release|Win32
		{3689F533-755E-4932-8462-2FA1709DDB8F}.Debug|Win32.ActiveCfg = Debug|Win32
		{3689F533-755E-4932-8462-2FA1709DDB8F}.Debug|Win32.Build.0 = Debug|Win32
		{3689F533-755E-4932-8462-2FA1709DDB8F}.Release|Win32.ActiveCfg = Release|Win32
		{3689F533-755E-4932-8462-2FA1709DDB8F}.Release|Win32.Build.0 = Release|Win32
		{90A1E00F-BBEB-499E-B178-96BE493B28AB}.Debug|Win32.ActiveCfg = Debug|Win32
		{90A1E00F-BBEB-499E-B178-96BE493B28AB}.Debug|Win32.Build.0 = Debug|Win32
		{90A1E00F-BBEB-499E-B178-96BE493B28AB}.Release|Win32.ActiveCfg = Release|Win32
		{90A1E00F-BBEB-499E-B178-96BE493B28AB}.Release|Win32.Build.0 = Release|Win32
		{935E4CF9-BD96-4E28-8ED9-BA6DD9FC9420}.Debug|Win32.ActiveCfg = Debug|Win32
		{935E4CF9-BD96-4E28-8ED9-BA6DD9FC9420}.Debug|Win32.Build.0 = Debug|Win32
		{935E4CF9-BD96-4E28-8ED9-BA6DD9FC9420}.Release|Win32.ActiveCfg = Release|Win32
		{935E4CF9-BD96-4E28-8ED9-BA6DD9FC9420}.Release|Win32.Build.0 = Release|Win32
		{D1F73535-B026-49CD-B7EB-37A2E25C4D5B}.Debug|Win32.ActiveCfg = Debug|Win32
		{D1F73535-B026-49CD-B7EB-37A2E25C4D5B}.Debug|Win32.Build.0 = Debug|Win32
		{D1F73535-B026-49CD-B7EB-37A2E25C4D5B}.Release|Win32.ActiveCfg = Release|Win32
		{D1F73535-B026-49CD-B7EB-37A2E25C4D5B}.Release|Win32.Build.0 = Release|Win32
		{1CFA254E-AF30-40CB-ADA3-83AFF081696E}.Debug|Win32.ActiveCfg = Debug|Win32
		{1CFA254E-AF30-40CB-ADA3-83AFF081696E}.Debug|Win32.Build.0 = Debug|Win32
		{1CFA254E-AF30-40CB-ADA3-83AFF081696E}.Release|Win32.ActiveCfg = Release|Win32
		{1CFA254E-AF30-40CB-ADA3-83AFF081696E}.Release|Win32.Build.0 = Release|Win32
		{24EE3F33-0F17-4410-BD90-56B68DBDDF4C}.Debug|Win32.ActiveCfg = Debug|Win32
		{24EE3F33-0F17-4410-BD90-56B68DBDDF4C}.Debug|Win32.Build.0 = Debug|Win32
		{24EE3F33-0F17-4410-BD90-56B68DBDDF4C}.Release|Win32.ActiveCfg = Release|Win32
		{24EE3F33-0F17-4410-BD90-56B68DBDDF4C}.Release|Win32.Build.0 = Release|Win32
	EndGlobalSection
	GlobalSection(SolutionProperties) = preSolution
		HideSolutionNode = FALSE
	EndGlobalSection
EndGlobal
